// !$*UTF8*$!
{
	archiveVersion = 1;
	classes = {
	};
	objectVersion = 50;
	objects = {

/* Begin PBXBuildFile section */
		034F031026B35C4E004069C7 /* AppDelegate.swift in Sources */ = {isa = PBXBuildFile; fileRef = 034F030F26B35C4E004069C7 /* AppDelegate.swift */; };
		034F031226B35C4E004069C7 /* SceneDelegate.swift in Sources */ = {isa = PBXBuildFile; fileRef = 034F031126B35C4E004069C7 /* SceneDelegate.swift */; };
		034F031426B35C4E004069C7 /* ViewController.swift in Sources */ = {isa = PBXBuildFile; fileRef = 034F031326B35C4E004069C7 /* ViewController.swift */; };
		034F031726B35C4E004069C7 /* Main.storyboard in Resources */ = {isa = PBXBuildFile; fileRef = 034F031526B35C4E004069C7 /* Main.storyboard */; };
		034F031926B35C52004069C7 /* Assets.xcassets in Resources */ = {isa = PBXBuildFile; fileRef = 034F031826B35C52004069C7 /* Assets.xcassets */; };
		034F031C26B35C52004069C7 /* LaunchScreen.storyboard in Resources */ = {isa = PBXBuildFile; fileRef = 034F031A26B35C52004069C7 /* LaunchScreen.storyboard */; };
		034F032826B36BE2004069C7 /* ExploreViewController.swift in Sources */ = {isa = PBXBuildFile; fileRef = 034F032726B36BE2004069C7 /* ExploreViewController.swift */; };
		034F032F26B3813D004069C7 /* RestaurantListViewController.swift in Sources */ = {isa = PBXBuildFile; fileRef = 034F032E26B3813D004069C7 /* RestaurantListViewController.swift */; };
		03FA5BFF26BC9382003135A5 /* Segue.swift in Sources */ = {isa = PBXBuildFile; fileRef = 03FA5BFE26BC9382003135A5 /* Segue.swift */; };
		03FA5C0126BC96EF003135A5 /* RestaurantDetailTableViewController.swift in Sources */ = {isa = PBXBuildFile; fileRef = 03FA5C0026BC96EF003135A5 /* RestaurantDetailTableViewController.swift */; };
		03FA5C0326BCA0B0003135A5 /* APIManager.swift in Sources */ = {isa = PBXBuildFile; fileRef = 03FA5C0226BCA0B0003135A5 /* APIManager.swift */; };
		03FA5C0526BCB225003135A5 /* RestaurantAPIManager.swift in Sources */ = {isa = PBXBuildFile; fileRef = 03FA5C0426BCB225003135A5 /* RestaurantAPIManager.swift */; };
		03FA5C0726BCC051003135A5 /* RestaurantDataManager.swift in Sources */ = {isa = PBXBuildFile; fileRef = 03FA5C0626BCC051003135A5 /* RestaurantDataManager.swift */; };
		03FC634F26B588430061FD44 /* ExploreData.plist in Resources */ = {isa = PBXBuildFile; fileRef = 03FC634E26B588430061FD44 /* ExploreData.plist */; };
		03FC635126B588930061FD44 /* ExploreItem.swift in Sources */ = {isa = PBXBuildFile; fileRef = 03FC635026B588930061FD44 /* ExploreItem.swift */; };
		03FC635326B589960061FD44 /* ExploreDataManager.swift in Sources */ = {isa = PBXBuildFile; fileRef = 03FC635226B589960061FD44 /* ExploreDataManager.swift */; };
		03FC635526B58B8A0061FD44 /* ExploreCollectionViewCell.swift in Sources */ = {isa = PBXBuildFile; fileRef = 03FC635426B58B8A0061FD44 /* ExploreCollectionViewCell.swift */; };
		03FC635B26B598580061FD44 /* LocationViewController.swift in Sources */ = {isa = PBXBuildFile; fileRef = 03FC635A26B598580061FD44 /* LocationViewController.swift */; };
		03FC635F26B59ACA0061FD44 /* LocationsData.plist in Resources */ = {isa = PBXBuildFile; fileRef = 03FC635E26B59ACA0061FD44 /* LocationsData.plist */; };
		03FC636126B59B940061FD44 /* LocationDataManager.swift in Sources */ = {isa = PBXBuildFile; fileRef = 03FC636026B59B940061FD44 /* LocationDataManager.swift */; };
		03FC636526B59F1B0061FD44 /* MapLocationsData.plist in Resources */ = {isa = PBXBuildFile; fileRef = 03FC636426B59F1B0061FD44 /* MapLocationsData.plist */; };
		03FC636726B59FB10061FD44 /* RestaurantItem.swift in Sources */ = {isa = PBXBuildFile; fileRef = 03FC636626B59FB10061FD44 /* RestaurantItem.swift */; };
		03FC636926B5A3F60061FD44 /* MapDataManager.swift in Sources */ = {isa = PBXBuildFile; fileRef = 03FC636826B5A3F60061FD44 /* MapDataManager.swift */; };
		03FC636C26B5A5B50061FD44 /* DataManager.swift in Sources */ = {isa = PBXBuildFile; fileRef = 03FC636B26B5A5B50061FD44 /* DataManager.swift */; };
		03FC636F26B5A73F0061FD44 /* MapViewController.swift in Sources */ = {isa = PBXBuildFile; fileRef = 03FC636E26B5A73F0061FD44 /* MapViewController.swift */; };
		03FC637126B5AFFF0061FD44 /* RestaurantDetail.storyboard in Resources */ = {isa = PBXBuildFile; fileRef = 03FC637026B5AFFF0061FD44 /* RestaurantDetail.storyboard */; };
/* End PBXBuildFile section */

/* Begin PBXFileReference section */
		034F030C26B35C4E004069C7 /* Comer na Rua.app */ = {isa = PBXFileReference; explicitFileType = wrapper.application; includeInIndex = 0; path = "Comer na Rua.app"; sourceTree = BUILT_PRODUCTS_DIR; };
		034F030F26B35C4E004069C7 /* AppDelegate.swift */ = {isa = PBXFileReference; lastKnownFileType = sourcecode.swift; path = AppDelegate.swift; sourceTree = "<group>"; };
		034F031126B35C4E004069C7 /* SceneDelegate.swift */ = {isa = PBXFileReference; lastKnownFileType = sourcecode.swift; path = SceneDelegate.swift; sourceTree = "<group>"; };
		034F031326B35C4E004069C7 /* ViewController.swift */ = {isa = PBXFileReference; lastKnownFileType = sourcecode.swift; path = ViewController.swift; sourceTree = "<group>"; };
		034F031626B35C4E004069C7 /* Base */ = {isa = PBXFileReference; lastKnownFileType = file.storyboard; name = Base; path = Base.lproj/Main.storyboard; sourceTree = "<group>"; };
		034F031826B35C52004069C7 /* Assets.xcassets */ = {isa = PBXFileReference; lastKnownFileType = folder.assetcatalog; path = Assets.xcassets; sourceTree = "<group>"; };
		034F031B26B35C52004069C7 /* Base */ = {isa = PBXFileReference; lastKnownFileType = file.storyboard; name = Base; path = Base.lproj/LaunchScreen.storyboard; sourceTree = "<group>"; };
		034F031D26B35C52004069C7 /* Info.plist */ = {isa = PBXFileReference; lastKnownFileType = text.plist.xml; path = Info.plist; sourceTree = "<group>"; };
		034F032726B36BE2004069C7 /* ExploreViewController.swift */ = {isa = PBXFileReference; lastKnownFileType = sourcecode.swift; path = ExploreViewController.swift; sourceTree = "<group>"; };
		034F032E26B3813D004069C7 /* RestaurantListViewController.swift */ = {isa = PBXFileReference; lastKnownFileType = sourcecode.swift; path = RestaurantListViewController.swift; sourceTree = "<group>"; };
		03FA5BFE26BC9382003135A5 /* Segue.swift */ = {isa = PBXFileReference; lastKnownFileType = sourcecode.swift; path = Segue.swift; sourceTree = "<group>"; };
		03FA5C0026BC96EF003135A5 /* RestaurantDetailTableViewController.swift */ = {isa = PBXFileReference; lastKnownFileType = sourcecode.swift; path = RestaurantDetailTableViewController.swift; sourceTree = "<group>"; };
		03FA5C0226BCA0B0003135A5 /* APIManager.swift */ = {isa = PBXFileReference; lastKnownFileType = sourcecode.swift; path = APIManager.swift; sourceTree = "<group>"; };
		03FA5C0426BCB225003135A5 /* RestaurantAPIManager.swift */ = {isa = PBXFileReference; lastKnownFileType = sourcecode.swift; path = RestaurantAPIManager.swift; sourceTree = "<group>"; };
		03FA5C0626BCC051003135A5 /* RestaurantDataManager.swift */ = {isa = PBXFileReference; lastKnownFileType = sourcecode.swift; path = RestaurantDataManager.swift; sourceTree = "<group>"; };
		03FC634E26B588430061FD44 /* ExploreData.plist */ = {isa = PBXFileReference; fileEncoding = 4; lastKnownFileType = text.plist.xml; path = ExploreData.plist; sourceTree = "<group>"; };
		03FC635026B588930061FD44 /* ExploreItem.swift */ = {isa = PBXFileReference; lastKnownFileType = sourcecode.swift; path = ExploreItem.swift; sourceTree = "<group>"; };
		03FC635226B589960061FD44 /* ExploreDataManager.swift */ = {isa = PBXFileReference; lastKnownFileType = sourcecode.swift; path = ExploreDataManager.swift; sourceTree = "<group>"; };
		03FC635426B58B8A0061FD44 /* ExploreCollectionViewCell.swift */ = {isa = PBXFileReference; lastKnownFileType = sourcecode.swift; path = ExploreCollectionViewCell.swift; sourceTree = "<group>"; };
		03FC635A26B598580061FD44 /* LocationViewController.swift */ = {isa = PBXFileReference; lastKnownFileType = sourcecode.swift; path = LocationViewController.swift; sourceTree = "<group>"; };
		03FC635E26B59ACA0061FD44 /* LocationsData.plist */ = {isa = PBXFileReference; lastKnownFileType = text.plist.xml; path = LocationsData.plist; sourceTree = "<group>"; };
		03FC636026B59B940061FD44 /* LocationDataManager.swift */ = {isa = PBXFileReference; lastKnownFileType = sourcecode.swift; path = LocationDataManager.swift; sourceTree = "<group>"; };
		03FC636426B59F1B0061FD44 /* MapLocationsData.plist */ = {isa = PBXFileReference; fileEncoding = 4; lastKnownFileType = text.plist.xml; path = MapLocationsData.plist; sourceTree = "<group>"; };
		03FC636626B59FB10061FD44 /* RestaurantItem.swift */ = {isa = PBXFileReference; lastKnownFileType = sourcecode.swift; path = RestaurantItem.swift; sourceTree = "<group>"; };
		03FC636826B5A3F60061FD44 /* MapDataManager.swift */ = {isa = PBXFileReference; lastKnownFileType = sourcecode.swift; path = MapDataManager.swift; sourceTree = "<group>"; };
		03FC636B26B5A5B50061FD44 /* DataManager.swift */ = {isa = PBXFileReference; lastKnownFileType = sourcecode.swift; path = DataManager.swift; sourceTree = "<group>"; };
		03FC636E26B5A73F0061FD44 /* MapViewController.swift */ = {isa = PBXFileReference; lastKnownFileType = sourcecode.swift; path = MapViewController.swift; sourceTree = "<group>"; };
		03FC637026B5AFFF0061FD44 /* RestaurantDetail.storyboard */ = {isa = PBXFileReference; lastKnownFileType = file.storyboard; path = RestaurantDetail.storyboard; sourceTree = "<group>"; };
/* End PBXFileReference section */

/* Begin PBXFrameworksBuildPhase section */
		034F030926B35C4E004069C7 /* Frameworks */ = {
			isa = PBXFrameworksBuildPhase;
			buildActionMask = 2147483647;
			files = (
			);
			runOnlyForDeploymentPostprocessing = 0;
		};
/* End PBXFrameworksBuildPhase section */

/* Begin PBXGroup section */
		034F030326B35C4E004069C7 = {
			isa = PBXGroup;
			children = (
				034F030E26B35C4E004069C7 /* Comer na Rua */,
				034F030D26B35C4E004069C7 /* Products */,
			);
			sourceTree = "<group>";
		};
		034F030D26B35C4E004069C7 /* Products */ = {
			isa = PBXGroup;
			children = (
				034F030C26B35C4E004069C7 /* Comer na Rua.app */,
			);
			name = Products;
			sourceTree = "<group>";
		};
		034F030E26B35C4E004069C7 /* Comer na Rua */ = {
			isa = PBXGroup;
			children = (
				03FC636A26B5A5A10061FD44 /* Misc */,
				03FC636226B59EDD0061FD44 /* Map */,
				03FC635626B595830061FD44 /* Location */,
				034F032A26B380FE004069C7 /* Restaurant */,
				034F032326B36B44004069C7 /* Explore */,
				034F030F26B35C4E004069C7 /* AppDelegate.swift */,
				034F031126B35C4E004069C7 /* SceneDelegate.swift */,
				034F031326B35C4E004069C7 /* ViewController.swift */,
				034F031526B35C4E004069C7 /* Main.storyboard */,
				034F031826B35C52004069C7 /* Assets.xcassets */,
				034F031A26B35C52004069C7 /* LaunchScreen.storyboard */,
				034F031D26B35C52004069C7 /* Info.plist */,
			);
			path = "Comer na Rua";
			sourceTree = "<group>";
		};
		034F032326B36B44004069C7 /* Explore */ = {
			isa = PBXGroup;
			children = (
				034F032626B36B5F004069C7 /* Controllers */,
				034F032526B36B59004069C7 /* Views */,
				034F032426B36B53004069C7 /* Models */,
			);
			path = Explore;
			sourceTree = "<group>";
		};
		034F032426B36B53004069C7 /* Models */ = {
			isa = PBXGroup;
			children = (
				03FC634E26B588430061FD44 /* ExploreData.plist */,
				03FC635026B588930061FD44 /* ExploreItem.swift */,
				03FC635226B589960061FD44 /* ExploreDataManager.swift */,
			);
			path = Models;
			sourceTree = "<group>";
		};
		034F032526B36B59004069C7 /* Views */ = {
			isa = PBXGroup;
			children = (
				03FC635426B58B8A0061FD44 /* ExploreCollectionViewCell.swift */,
			);
			path = Views;
			sourceTree = "<group>";
		};
		034F032626B36B5F004069C7 /* Controllers */ = {
			isa = PBXGroup;
			children = (
				034F032726B36BE2004069C7 /* ExploreViewController.swift */,
			);
			path = Controllers;
			sourceTree = "<group>";
		};
		034F032A26B380FE004069C7 /* Restaurant */ = {
			isa = PBXGroup;
			children = (
				034F032D26B3810E004069C7 /* Controllers */,
				034F032C26B38109004069C7 /* Views */,
				034F032B26B38105004069C7 /* Models */,
			);
			path = Restaurant;
			sourceTree = "<group>";
		};
		034F032B26B38105004069C7 /* Models */ = {
			isa = PBXGroup;
			children = (
				03FA5C0626BCC051003135A5 /* RestaurantDataManager.swift */,
			);
			path = Models;
			sourceTree = "<group>";
		};
		034F032C26B38109004069C7 /* Views */ = {
			isa = PBXGroup;
			children = (
				03FC637026B5AFFF0061FD44 /* RestaurantDetail.storyboard */,
			);
			path = Views;
			sourceTree = "<group>";
		};
		034F032D26B3810E004069C7 /* Controllers */ = {
			isa = PBXGroup;
			children = (
				034F032E26B3813D004069C7 /* RestaurantListViewController.swift */,
				03FA5C0026BC96EF003135A5 /* RestaurantDetailTableViewController.swift */,
			);
			path = Controllers;
			sourceTree = "<group>";
		};
		03FC635626B595830061FD44 /* Location */ = {
			isa = PBXGroup;
			children = (
				03FC635926B5982D0061FD44 /* Controllers */,
				03FC635826B598280061FD44 /* Views */,
				03FC635726B5981B0061FD44 /* Models */,
			);
			path = Location;
			sourceTree = "<group>";
		};
		03FC635726B5981B0061FD44 /* Models */ = {
			isa = PBXGroup;
			children = (
				03FC635E26B59ACA0061FD44 /* LocationsData.plist */,
				03FC636026B59B940061FD44 /* LocationDataManager.swift */,
			);
			path = Models;
			sourceTree = "<group>";
		};
		03FC635826B598280061FD44 /* Views */ = {
			isa = PBXGroup;
			children = (
			);
			path = Views;
			sourceTree = "<group>";
		};
		03FC635926B5982D0061FD44 /* Controllers */ = {
			isa = PBXGroup;
			children = (
				03FC635A26B598580061FD44 /* LocationViewController.swift */,
			);
			path = Controllers;
			sourceTree = "<group>";
		};
		03FC636226B59EDD0061FD44 /* Map */ = {
			isa = PBXGroup;
			children = (
				03FC636D26B5A7250061FD44 /* Controllers */,
				03FC636326B59EE50061FD44 /* Models */,
			);
			path = Map;
			sourceTree = "<group>";
		};
		03FC636326B59EE50061FD44 /* Models */ = {
			isa = PBXGroup;
			children = (
				03FC636426B59F1B0061FD44 /* MapLocationsData.plist */,
				03FC636626B59FB10061FD44 /* RestaurantItem.swift */,
				03FC636826B5A3F60061FD44 /* MapDataManager.swift */,
			);
			path = Models;
			sourceTree = "<group>";
		};
		03FC636A26B5A5A10061FD44 /* Misc */ = {
			isa = PBXGroup;
			children = (
				03FC636B26B5A5B50061FD44 /* DataManager.swift */,
				03FA5BFE26BC9382003135A5 /* Segue.swift */,
				03FA5C0226BCA0B0003135A5 /* APIManager.swift */,
				03FA5C0426BCB225003135A5 /* RestaurantAPIManager.swift */,
			);
			path = Misc;
			sourceTree = "<group>";
		};
		03FC636D26B5A7250061FD44 /* Controllers */ = {
			isa = PBXGroup;
			children = (
				03FC636E26B5A73F0061FD44 /* MapViewController.swift */,
			);
			path = Controllers;
			sourceTree = "<group>";
		};
/* End PBXGroup section */

/* Begin PBXNativeTarget section */
		034F030B26B35C4E004069C7 /* Comer na Rua */ = {
			isa = PBXNativeTarget;
			buildConfigurationList = 034F032026B35C52004069C7 /* Build configuration list for PBXNativeTarget "Comer na Rua" */;
			buildPhases = (
				034F030826B35C4E004069C7 /* Sources */,
				034F030926B35C4E004069C7 /* Frameworks */,
				034F030A26B35C4E004069C7 /* Resources */,
			);
			buildRules = (
			);
			dependencies = (
			);
			name = "Comer na Rua";
			productName = "Comer na Rua";
			productReference = 034F030C26B35C4E004069C7 /* Comer na Rua.app */;
			productType = "com.apple.product-type.application";
		};
/* End PBXNativeTarget section */

/* Begin PBXProject section */
		034F030426B35C4E004069C7 /* Project object */ = {
			isa = PBXProject;
			attributes = {
				LastSwiftUpdateCheck = 1250;
				LastUpgradeCheck = 1250;
				TargetAttributes = {
					034F030B26B35C4E004069C7 = {
						CreatedOnToolsVersion = 12.5;
					};
				};
			};
			buildConfigurationList = 034F030726B35C4E004069C7 /* Build configuration list for PBXProject "Comer na Rua" */;
			compatibilityVersion = "Xcode 9.3";
			developmentRegion = en;
			hasScannedForEncodings = 0;
			knownRegions = (
				en,
				Base,
			);
			mainGroup = 034F030326B35C4E004069C7;
			productRefGroup = 034F030D26B35C4E004069C7 /* Products */;
			projectDirPath = "";
			projectRoot = "";
			targets = (
				034F030B26B35C4E004069C7 /* Comer na Rua */,
			);
		};
/* End PBXProject section */

/* Begin PBXResourcesBuildPhase section */
		034F030A26B35C4E004069C7 /* Resources */ = {
			isa = PBXResourcesBuildPhase;
			buildActionMask = 2147483647;
			files = (
				03FC634F26B588430061FD44 /* ExploreData.plist in Resources */,
				034F031C26B35C52004069C7 /* LaunchScreen.storyboard in Resources */,
				03FC635F26B59ACA0061FD44 /* LocationsData.plist in Resources */,
				034F031926B35C52004069C7 /* Assets.xcassets in Resources */,
				03FC637126B5AFFF0061FD44 /* RestaurantDetail.storyboard in Resources */,
				03FC636526B59F1B0061FD44 /* MapLocationsData.plist in Resources */,
				034F031726B35C4E004069C7 /* Main.storyboard in Resources */,
			);
			runOnlyForDeploymentPostprocessing = 0;
		};
/* End PBXResourcesBuildPhase section */

/* Begin PBXSourcesBuildPhase section */
		034F030826B35C4E004069C7 /* Sources */ = {
			isa = PBXSourcesBuildPhase;
			buildActionMask = 2147483647;
			files = (
				03FC635526B58B8A0061FD44 /* ExploreCollectionViewCell.swift in Sources */,
				034F032826B36BE2004069C7 /* ExploreViewController.swift in Sources */,
				034F031426B35C4E004069C7 /* ViewController.swift in Sources */,
				03FC635126B588930061FD44 /* ExploreItem.swift in Sources */,
				03FC636126B59B940061FD44 /* LocationDataManager.swift in Sources */,
				03FA5C0526BCB225003135A5 /* RestaurantAPIManager.swift in Sources */,
				03FC636726B59FB10061FD44 /* RestaurantItem.swift in Sources */,
				034F032F26B3813D004069C7 /* RestaurantListViewController.swift in Sources */,
				03FA5C0126BC96EF003135A5 /* RestaurantDetailTableViewController.swift in Sources */,
				03FC635326B589960061FD44 /* ExploreDataManager.swift in Sources */,
				03FC635B26B598580061FD44 /* LocationViewController.swift in Sources */,
				034F031026B35C4E004069C7 /* AppDelegate.swift in Sources */,
				03FC636926B5A3F60061FD44 /* MapDataManager.swift in Sources */,
				03FA5C0326BCA0B0003135A5 /* APIManager.swift in Sources */,
				03FC636C26B5A5B50061FD44 /* DataManager.swift in Sources */,
				03FA5C0726BCC051003135A5 /* RestaurantDataManager.swift in Sources */,
				034F031226B35C4E004069C7 /* SceneDelegate.swift in Sources */,
				03FA5BFF26BC9382003135A5 /* Segue.swift in Sources */,
				03FC636F26B5A73F0061FD44 /* MapViewController.swift in Sources */,
			);
			runOnlyForDeploymentPostprocessing = 0;
		};
/* End PBXSourcesBuildPhase section */

/* Begin PBXVariantGroup section */
		034F031526B35C4E004069C7 /* Main.storyboard */ = {
			isa = PBXVariantGroup;
			children = (
				034F031626B35C4E004069C7 /* Base */,
			);
			name = Main.storyboard;
			sourceTree = "<group>";
		};
		034F031A26B35C52004069C7 /* LaunchScreen.storyboard */ = {
			isa = PBXVariantGroup;
			children = (
				034F031B26B35C52004069C7 /* Base */,
			);
			name = LaunchScreen.storyboard;
			sourceTree = "<group>";
		};
/* End PBXVariantGroup section */

/* Begin XCBuildConfiguration section */
		034F031E26B35C52004069C7 /* Debug */ = {
			isa = XCBuildConfiguration;
			buildSettings = {
				ALWAYS_SEARCH_USER_PATHS = NO;
				CLANG_ANALYZER_NONNULL = YES;
				CLANG_ANALYZER_NUMBER_OBJECT_CONVERSION = YES_AGGRESSIVE;
				CLANG_CXX_LANGUAGE_STANDARD = "gnu++14";
				CLANG_CXX_LIBRARY = "libc++";
				CLANG_ENABLE_MODULES = YES;
				CLANG_ENABLE_OBJC_ARC = YES;
				CLANG_ENABLE_OBJC_WEAK = YES;
				CLANG_WARN_BLOCK_CAPTURE_AUTORELEASING = YES;
				CLANG_WARN_BOOL_CONVERSION = YES;
				CLANG_WARN_COMMA = YES;
				CLANG_WARN_CONSTANT_CONVERSION = YES;
				CLANG_WARN_DEPRECATED_OBJC_IMPLEMENTATIONS = YES;
				CLANG_WARN_DIRECT_OBJC_ISA_USAGE = YES_ERROR;
				CLANG_WARN_DOCUMENTATION_COMMENTS = YES;
				CLANG_WARN_EMPTY_BODY = YES;
				CLANG_WARN_ENUM_CONVERSION = YES;
				CLANG_WARN_INFINITE_RECURSION = YES;
				CLANG_WARN_INT_CONVERSION = YES;
				CLANG_WARN_NON_LITERAL_NULL_CONVERSION = YES;
				CLANG_WARN_OBJC_IMPLICIT_RETAIN_SELF = YES;
				CLANG_WARN_OBJC_LITERAL_CONVERSION = YES;
				CLANG_WARN_OBJC_ROOT_CLASS = YES_ERROR;
				CLANG_WARN_QUOTED_INCLUDE_IN_FRAMEWORK_HEADER = YES;
				CLANG_WARN_RANGE_LOOP_ANALYSIS = YES;
				CLANG_WARN_STRICT_PROTOTYPES = YES;
				CLANG_WARN_SUSPICIOUS_MOVE = YES;
				CLANG_WARN_UNGUARDED_AVAILABILITY = YES_AGGRESSIVE;
				CLANG_WARN_UNREACHABLE_CODE = YES;
				CLANG_WARN__DUPLICATE_METHOD_MATCH = YES;
				COPY_PHASE_STRIP = NO;
				DEBUG_INFORMATION_FORMAT = dwarf;
				ENABLE_STRICT_OBJC_MSGSEND = YES;
				ENABLE_TESTABILITY = YES;
				GCC_C_LANGUAGE_STANDARD = gnu11;
				GCC_DYNAMIC_NO_PIC = NO;
				GCC_NO_COMMON_BLOCKS = YES;
				GCC_OPTIMIZATION_LEVEL = 0;
				GCC_PREPROCESSOR_DEFINITIONS = (
					"DEBUG=1",
					"$(inherited)",
				);
				GCC_WARN_64_TO_32_BIT_CONVERSION = YES;
				GCC_WARN_ABOUT_RETURN_TYPE = YES_ERROR;
				GCC_WARN_UNDECLARED_SELECTOR = YES;
				GCC_WARN_UNINITIALIZED_AUTOS = YES_AGGRESSIVE;
				GCC_WARN_UNUSED_FUNCTION = YES;
				GCC_WARN_UNUSED_VARIABLE = YES;
				IPHONEOS_DEPLOYMENT_TARGET = 14.5;
				MTL_ENABLE_DEBUG_INFO = INCLUDE_SOURCE;
				MTL_FAST_MATH = YES;
				ONLY_ACTIVE_ARCH = YES;
				SDKROOT = iphoneos;
				SWIFT_ACTIVE_COMPILATION_CONDITIONS = DEBUG;
				SWIFT_OPTIMIZATION_LEVEL = "-Onone";
			};
			name = Debug;
		};
		034F031F26B35C52004069C7 /* Release */ = {
			isa = XCBuildConfiguration;
			buildSettings = {
				ALWAYS_SEARCH_USER_PATHS = NO;
				CLANG_ANALYZER_NONNULL = YES;
				CLANG_ANALYZER_NUMBER_OBJECT_CONVERSION = YES_AGGRESSIVE;
				CLANG_CXX_LANGUAGE_STANDARD = "gnu++14";
				CLANG_CXX_LIBRARY = "libc++";
				CLANG_ENABLE_MODULES = YES;
				CLANG_ENABLE_OBJC_ARC = YES;
				CLANG_ENABLE_OBJC_WEAK = YES;
				CLANG_WARN_BLOCK_CAPTURE_AUTORELEASING = YES;
				CLANG_WARN_BOOL_CONVERSION = YES;
				CLANG_WARN_COMMA = YES;
				CLANG_WARN_CONSTANT_CONVERSION = YES;
				CLANG_WARN_DEPRECATED_OBJC_IMPLEMENTATIONS = YES;
				CLANG_WARN_DIRECT_OBJC_ISA_USAGE = YES_ERROR;
				CLANG_WARN_DOCUMENTATION_COMMENTS = YES;
				CLANG_WARN_EMPTY_BODY = YES;
				CLANG_WARN_ENUM_CONVERSION = YES;
				CLANG_WARN_INFINITE_RECURSION = YES;
				CLANG_WARN_INT_CONVERSION = YES;
				CLANG_WARN_NON_LITERAL_NULL_CONVERSION = YES;
				CLANG_WARN_OBJC_IMPLICIT_RETAIN_SELF = YES;
				CLANG_WARN_OBJC_LITERAL_CONVERSION = YES;
				CLANG_WARN_OBJC_ROOT_CLASS = YES_ERROR;
				CLANG_WARN_QUOTED_INCLUDE_IN_FRAMEWORK_HEADER = YES;
				CLANG_WARN_RANGE_LOOP_ANALYSIS = YES;
				CLANG_WARN_STRICT_PROTOTYPES = YES;
				CLANG_WARN_SUSPICIOUS_MOVE = YES;
				CLANG_WARN_UNGUARDED_AVAILABILITY = YES_AGGRESSIVE;
				CLANG_WARN_UNREACHABLE_CODE = YES;
				CLANG_WARN__DUPLICATE_METHOD_MATCH = YES;
				COPY_PHASE_STRIP = NO;
				DEBUG_INFORMATION_FORMAT = "dwarf-with-dsym";
				ENABLE_NS_ASSERTIONS = NO;
				ENABLE_STRICT_OBJC_MSGSEND = YES;
				GCC_C_LANGUAGE_STANDARD = gnu11;
				GCC_NO_COMMON_BLOCKS = YES;
				GCC_WARN_64_TO_32_BIT_CONVERSION = YES;
				GCC_WARN_ABOUT_RETURN_TYPE = YES_ERROR;
				GCC_WARN_UNDECLARED_SELECTOR = YES;
				GCC_WARN_UNINITIALIZED_AUTOS = YES_AGGRESSIVE;
				GCC_WARN_UNUSED_FUNCTION = YES;
				GCC_WARN_UNUSED_VARIABLE = YES;
				IPHONEOS_DEPLOYMENT_TARGET = 14.5;
				MTL_ENABLE_DEBUG_INFO = NO;
				MTL_FAST_MATH = YES;
				SDKROOT = iphoneos;
				SWIFT_COMPILATION_MODE = wholemodule;
				SWIFT_OPTIMIZATION_LEVEL = "-O";
				VALIDATE_PRODUCT = YES;
			};
			name = Release;
		};
		034F032126B35C52004069C7 /* Debug */ = {
			isa = XCBuildConfiguration;
			buildSettings = {
				ASSETCATALOG_COMPILER_APPICON_NAME = AppIcon;
				ASSETCATALOG_COMPILER_GLOBAL_ACCENT_COLOR_NAME = AccentColor;
				CODE_SIGN_STYLE = Automatic;
				DEVELOPMENT_TEAM = U6WDJ6799X;
				INFOPLIST_FILE = "Comer na Rua/Info.plist";
				LD_RUNPATH_SEARCH_PATHS = (
					"$(inherited)",
					"@executable_path/Frameworks",
				);
				PRODUCT_BUNDLE_IDENTIFIER = "br.com.infnet.Comer-na-Rua";
				PRODUCT_NAME = "$(TARGET_NAME)";
				SWIFT_VERSION = 5.0;
				TARGETED_DEVICE_FAMILY = "1,2";
			};
			name = Debug;
		};
		034F032226B35C52004069C7 /* Release */ = {
			isa = XCBuildConfiguration;
			buildSettings = {
				ASSETCATALOG_COMPILER_APPICON_NAME = AppIcon;
				ASSETCATALOG_COMPILER_GLOBAL_ACCENT_COLOR_NAME = AccentColor;
				CODE_SIGN_STYLE = Automatic;
				DEVELOPMENT_TEAM = U6WDJ6799X;
				INFOPLIST_FILE = "Comer na Rua/Info.plist";
				LD_RUNPATH_SEARCH_PATHS = (
					"$(inherited)",
					"@executable_path/Frameworks",
				);
				PRODUCT_BUNDLE_IDENTIFIER = "br.com.infnet.Comer-na-Rua";
				PRODUCT_NAME = "$(TARGET_NAME)";
				SWIFT_VERSION = 5.0;
				TARGETED_DEVICE_FAMILY = "1,2";
			};
			name = Release;
		};
/* End XCBuildConfiguration section */

/* Begin XCConfigurationList section */
		034F030726B35C4E004069C7 /* Build configuration list for PBXProject "Comer na Rua" */ = {
			isa = XCConfigurationList;
			buildConfigurations = (
				034F031E26B35C52004069C7 /* Debug */,
				034F031F26B35C52004069C7 /* Release */,
			);
			defaultConfigurationIsVisible = 0;
			defaultConfigurationName = Release;
		};
		034F032026B35C52004069C7 /* Build configuration list for PBXNativeTarget "Comer na Rua" */ = {
			isa = XCConfigurationList;
			buildConfigurations = (
				034F032126B35C52004069C7 /* Debug */,
				034F032226B35C52004069C7 /* Release */,
			);
			defaultConfigurationIsVisible = 0;
			defaultConfigurationName = Release;
		};
/* End XCConfigurationList section */
	};
	rootObject = 034F030426B35C4E004069C7 /* Project object */;
}
